
Microsoft Visual Studio Solution File, Format Version 12.00
# Visual Studio Version 16
VisualStudioVersion = 16.0.32630.194
MinimumVisualStudioVersion = 10.0.40219.1
Project("{FAE04EC0-301F-11D3-BF4B-00C04F79EFBC}") = "Kodowanie ta dekodowanie textu", "Kodowanie ta dekodowanie textu.csproj", "{58FE78C5-4E0C-423B-A254-CC306F9B75DC}"
EndProject
Project("{FAE04EC0-301F-11D3-BF4B-00C04F79EFBC}") = "Sortowanie pliku", "..\Sortowanie pliku\Sortowanie pliku.csproj", "{A28D5E47-8F41-4719-B68B-0990780A75F1}"
EndProject
Project("{FAE04EC0-301F-11D3-BF4B-00C04F79EFBC}") = "Kurs walut", "..\Kurs walut\Kurs walut.csproj", "{F8B1A98A-6AD3-4DB3-840D-60F0BE0C6078}"
EndProject
Project("{9A19103F-16F7-4668-BE54-9A1E7A4F7556}") = "WebApplication1", "..\WebApplication1\WebApplication1.csproj", "{02F8EE71-69DE-4C46-9836-6EE4A15B9F7B}"
EndProject
Project("{9A19103F-16F7-4668-BE54-9A1E7A4F7556}") = "testApiRequest", "..\testApiRequest\testApiRequest.csproj", "{92E00FD6-B9CB-44D4-A450-E0A91BF8A2EE}"
EndProject
Project("{9A19103F-16F7-4668-BE54-9A1E7A4F7556}") = "GitHubAuth", "..\GitHubAuth\GitHubAuth.csproj", "{13948FD4-9C59-4CBD-A19F-245D376C3CC6}"
EndProject
Project("{FAE04EC0-301F-11D3-BF4B-00C04F79EFBC}") = "GitHubIssues", "..\GitHubIssues\GitHubIssues.csproj", "{9CC2D662-23D7-4B38-B25D-BC4A4B18C781}"
EndProject
Project("{FAE04EC0-301F-11D3-BF4B-00C04F79EFBC}") = "GitComments", "..\GitComments\GitComments.csproj", "{E065C2DC-A2B8-4C09-AE81-2E58AAA9381C}"
EndProject
Global
	GlobalSection(SolutionConfigurationPlatforms) = preSolution
		Debug|Any CPU = Debug|Any CPU
		Release|Any CPU = Release|Any CPU
	EndGlobalSection
	GlobalSection(ProjectConfigurationPlatforms) = postSolution
		{58FE78C5-4E0C-423B-A254-CC306F9B75DC}.Debug|Any CPU.ActiveCfg = Debug|Any CPU
		{58FE78C5-4E0C-423B-A254-CC306F9B75DC}.Debug|Any CPU.Build.0 = Debug|Any CPU
		{58FE78C5-4E0C-423B-A254-CC306F9B75DC}.Release|Any CPU.ActiveCfg = Release|Any CPU
		{58FE78C5-4E0C-423B-A254-CC306F9B75DC}.Release|Any CPU.Build.0 = Release|Any CPU
		{A28D5E47-8F41-4719-B68B-0990780A75F1}.Debug|Any CPU.ActiveCfg = Debug|Any CPU
		{A28D5E47-8F41-4719-B68B-0990780A75F1}.Debug|Any CPU.Build.0 = Debug|Any CPU
		{A28D5E47-8F41-4719-B68B-0990780A75F1}.Release|Any CPU.ActiveCfg = Release|Any CPU
		{A28D5E47-8F41-4719-B68B-0990780A75F1}.Release|Any CPU.Build.0 = Release|Any CPU
		{F8B1A98A-6AD3-4DB3-840D-60F0BE0C6078}.Debug|Any CPU.ActiveCfg = Debug|Any CPU
		{F8B1A98A-6AD3-4DB3-840D-60F0BE0C6078}.Debug|Any CPU.Build.0 = Debug|Any CPU
		{F8B1A98A-6AD3-4DB3-840D-60F0BE0C6078}.Release|Any CPU.ActiveCfg = Release|Any CPU
		{F8B1A98A-6AD3-4DB3-840D-60F0BE0C6078}.Release|Any CPU.Build.0 = Release|Any CPU
		{02F8EE71-69DE-4C46-9836-6EE4A15B9F7B}.Debug|Any CPU.ActiveCfg = Debug|Any CPU
		{02F8EE71-69DE-4C46-9836-6EE4A15B9F7B}.Debug|Any CPU.Build.0 = Debug|Any CPU
		{02F8EE71-69DE-4C46-9836-6EE4A15B9F7B}.Release|Any CPU.ActiveCfg = Release|Any CPU
		{02F8EE71-69DE-4C46-9836-6EE4A15B9F7B}.Release|Any CPU.Build.0 = Release|Any CPU
		{92E00FD6-B9CB-44D4-A450-E0A91BF8A2EE}.Debug|Any CPU.ActiveCfg = Debug|Any CPU
		{92E00FD6-B9CB-44D4-A450-E0A91BF8A2EE}.Debug|Any CPU.Build.0 = Debug|Any CPU
		{92E00FD6-B9CB-44D4-A450-E0A91BF8A2EE}.Release|Any CPU.ActiveCfg = Release|Any CPU
		{92E00FD6-B9CB-44D4-A450-E0A91BF8A2EE}.Release|Any CPU.Build.0 = Release|Any CPU
		{13948FD4-9C59-4CBD-A19F-245D376C3CC6}.Debug|Any CPU.ActiveCfg = Debug|Any CPU
		{13948FD4-9C59-4CBD-A19F-245D376C3CC6}.Debug|Any CPU.Build.0 = Debug|Any CPU
		{13948FD4-9C59-4CBD-A19F-245D376C3CC6}.Release|Any CPU.ActiveCfg = Release|Any CPU
		{13948FD4-9C59-4CBD-A19F-245D376C3CC6}.Release|Any CPU.Build.0 = Release|Any CPU
		{9CC2D662-23D7-4B38-B25D-BC4A4B18C781}.Debug|Any CPU.ActiveCfg = Debug|Any CPU
		{9CC2D662-23D7-4B38-B25D-BC4A4B18C781}.Debug|Any CPU.Build.0 = Debug|Any CPU
		{9CC2D662-23D7-4B38-B25D-BC4A4B18C781}.Release|Any CPU.ActiveCfg = Release|Any CPU
		{9CC2D662-23D7-4B38-B25D-BC4A4B18C781}.Release|Any CPU.Build.0 = Release|Any CPU
		{E065C2DC-A2B8-4C09-AE81-2E58AAA9381C}.Debug|Any CPU.ActiveCfg = Debug|Any CPU
		{E065C2DC-A2B8-4C09-AE81-2E58AAA9381C}.Debug|Any CPU.Build.0 = Debug|Any CPU
		{E065C2DC-A2B8-4C09-AE81-2E58AAA9381C}.Release|Any CPU.ActiveCfg = Release|Any CPU
		{E065C2DC-A2B8-4C09-AE81-2E58AAA9381C}.Release|Any CPU.Build.0 = Release|Any CPU
	EndGlobalSection
	GlobalSection(SolutionProperties) = preSolution
		HideSolutionNode = FALSE
	EndGlobalSection
	GlobalSection(ExtensibilityGlobals) = postSolution
		SolutionGuid = {74F36A57-A670-4661-835B-8B4C534A71D2}
	EndGlobalSection
EndGlobal
