
Microsoft Visual Studio Solution File, Format Version 12.00
# Visual Studio Version 16
VisualStudioVersion = 16.0.32630.194
MinimumVisualStudioVersion = 10.0.40219.1
Project("{FAE04EC0-301F-11D3-BF4B-00C04F79EFBC}") = "testApiRequest", "testApiRequest.csproj", "{54D40E37-AD48-44B2-83F3-F7A36D0A0B14}"
EndProject
Global
	GlobalSection(SolutionConfigurationPlatforms) = preSolution
		Debug|Any CPU = Debug|Any CPU
		Release|Any CPU = Release|Any CPU
	EndGlobalSection
	GlobalSection(ProjectConfigurationPlatforms) = postSolution
		{54D40E37-AD48-44B2-83F3-F7A36D0A0B14}.Debug|Any CPU.ActiveCfg = Debug|Any CPU
		{54D40E37-AD48-44B2-83F3-F7A36D0A0B14}.Debug|Any CPU.Build.0 = Debug|Any CPU
		{54D40E37-AD48-44B2-83F3-F7A36D0A0B14}.Release|Any CPU.ActiveCfg = Release|Any CPU
		{54D40E37-AD48-44B2-83F3-F7A36D0A0B14}.Release|Any CPU.Build.0 = Release|Any CPU
	EndGlobalSection
	GlobalSection(SolutionProperties) = preSolution
		HideSolutionNode = FALSE
	EndGlobalSection
	GlobalSection(ExtensibilityGlobals) = postSolution
		SolutionGuid = {1397F435-EB16-4389-BE1E-2052BAA24895}
	EndGlobalSection
EndGlobal
